
Microsoft Visual Studio Solution File, Format Version 12.00
# Visual Studio Version 17
VisualStudioVersion = 17.5.33414.496
MinimumVisualStudioVersion = 10.0.40219.1
Project("{FAE04EC0-301F-11D3-BF4B-00C04F79EFBC}") = "LiberaryProject", "LiberaryProject.csproj", "{9FFC6A1E-9ACD-46D2-B189-F40DFB164638}"
EndProject
Project("{FAE04EC0-301F-11D3-BF4B-00C04F79EFBC}") = "BookLib", "..\BookLib\BookLib.csproj", "{4A3CA4EB-9169-4270-8F18-2E4628B0C33E}"
EndProject
Global
	GlobalSection(SolutionConfigurationPlatforms) = preSolution
		Debug|Any CPU = Debug|Any CPU
		Release|Any CPU = Release|Any CPU
	EndGlobalSection
	GlobalSection(ProjectConfigurationPlatforms) = postSolution
		{9FFC6A1E-9ACD-46D2-B189-F40DFB164638}.Debug|Any CPU.ActiveCfg = Debug|Any CPU
		{9FFC6A1E-9ACD-46D2-B189-F40DFB164638}.Debug|Any CPU.Build.0 = Debug|Any CPU
		{9FFC6A1E-9ACD-46D2-B189-F40DFB164638}.Release|Any CPU.ActiveCfg = Release|Any CPU
		{9FFC6A1E-9ACD-46D2-B189-F40DFB164638}.Release|Any CPU.Build.0 = Release|Any CPU
		{4A3CA4EB-9169-4270-8F18-2E4628B0C33E}.Debug|Any CPU.ActiveCfg = Debug|Any CPU
		{4A3CA4EB-9169-4270-8F18-2E4628B0C33E}.Debug|Any CPU.Build.0 = Debug|Any CPU
		{4A3CA4EB-9169-4270-8F18-2E4628B0C33E}.Release|Any CPU.ActiveCfg = Release|Any CPU
		{4A3CA4EB-9169-4270-8F18-2E4628B0C33E}.Release|Any CPU.Build.0 = Release|Any CPU
	EndGlobalSection
	GlobalSection(SolutionProperties) = preSolution
		HideSolutionNode = FALSE
	EndGlobalSection
	GlobalSection(ExtensibilityGlobals) = postSolution
		SolutionGuid = {8256B7D5-87CC-4091-B439-94E8C9D8EB5C}
	EndGlobalSection
EndGlobal
